{
  "name": "api_gateway_ithaka",
  "version": "0.1.0",
  "dependencies": {
    "accepts": {
      "version": "1.3.3",
      "from": "accepts@>=1.2.2 <2.0.0",
      "resolved": "https://registry.npmjs.org/accepts/-/accepts-1.3.3.tgz"
    },
    "ansi-regex": {
      "version": "2.1.1",
      "from": "ansi-regex@>=2.0.0 <3.0.0",
      "resolved": "https://registry.npmjs.org/ansi-regex/-/ansi-regex-2.1.1.tgz"
    },
    "any-promise": {
      "version": "1.3.0",
      "from": "any-promise@>=1.1.0 <2.0.0",
      "resolved": "https://registry.npmjs.org/any-promise/-/any-promise-1.3.0.tgz"
    },
    "argparse": {
      "version": "1.0.9",
      "from": "argparse@>=1.0.7 <2.0.0",
      "resolved": "https://registry.npmjs.org/argparse/-/argparse-1.0.9.tgz"
    },
    "axios": {
      "version": "0.16.1",
      "from": "axios@latest",
      "resolved": "https://registry.npmjs.org/axios/-/axios-0.16.1.tgz"
    },
    "balanced-match": {
      "version": "0.4.2",
      "from": "balanced-match@>=0.4.1 <0.5.0",
      "resolved": "https://registry.npmjs.org/balanced-match/-/balanced-match-0.4.2.tgz"
    },
    "base64-js": {
      "version": "1.2.0",
      "from": "base64-js@>=1.0.2 <2.0.0",
      "resolved": "https://registry.npmjs.org/base64-js/-/base64-js-1.2.0.tgz"
    },
    "bindings": {
      "version": "1.2.1",
      "from": "bindings@>=1.2.1 <2.0.0",
      "resolved": "https://registry.npmjs.org/bindings/-/bindings-1.2.1.tgz"
    },
    "bluebird": {
      "version": "3.5.0",
      "from": "bluebird@latest",
      "resolved": "https://registry.npmjs.org/bluebird/-/bluebird-3.5.0.tgz"
    },
    "brace-expansion": {
      "version": "1.1.7",
      "from": "brace-expansion@>=1.0.0 <2.0.0",
      "resolved": "https://registry.npmjs.org/brace-expansion/-/brace-expansion-1.1.7.tgz"
    },
    "buffer": {
      "version": "5.0.6",
      "from": "buffer@>=5.0.6 <6.0.0",
      "resolved": "https://registry.npmjs.org/buffer/-/buffer-5.0.6.tgz"
    },
    "builtin-modules": {
      "version": "1.1.1",
      "from": "builtin-modules@>=1.0.0 <2.0.0",
      "resolved": "https://registry.npmjs.org/builtin-modules/-/builtin-modules-1.1.1.tgz"
    },
    "bunyan": {
      "version": "1.8.10",
      "from": "bunyan@latest",
      "resolved": "https://registry.npmjs.org/bunyan/-/bunyan-1.8.10.tgz"
    },
    "bytes": {
      "version": "2.4.0",
      "from": "bytes@2.4.0",
      "resolved": "https://registry.npmjs.org/bytes/-/bytes-2.4.0.tgz"
    },
    "camelcase": {
      "version": "3.0.0",
      "from": "camelcase@>=3.0.0 <4.0.0",
      "resolved": "https://registry.npmjs.org/camelcase/-/camelcase-3.0.0.tgz"
    },
    "cliui": {
      "version": "3.2.0",
      "from": "cliui@>=3.2.0 <4.0.0",
      "resolved": "https://registry.npmjs.org/cliui/-/cliui-3.2.0.tgz"
    },
    "co": {
      "version": "4.6.0",
      "from": "co@>=4.6.0 <5.0.0",
      "resolved": "https://registry.npmjs.org/co/-/co-4.6.0.tgz"
    },
    "co-redis": {
      "version": "2.1.1",
      "from": "co-redis@>=2.1.1 <3.0.0",
      "resolved": "https://registry.npmjs.org/co-redis/-/co-redis-2.1.1.tgz"
    },
    "co-wrap-all": {
      "version": "1.0.0",
      "from": "co-wrap-all@>=1.0.0 <2.0.0",
      "resolved": "https://registry.npmjs.org/co-wrap-all/-/co-wrap-all-1.0.0.tgz"
    },
    "code-point-at": {
      "version": "1.1.0",
      "from": "code-point-at@>=1.0.0 <2.0.0",
      "resolved": "https://registry.npmjs.org/code-point-at/-/code-point-at-1.1.0.tgz"
    },
    "concat-map": {
      "version": "0.0.1",
      "from": "concat-map@0.0.1",
      "resolved": "https://registry.npmjs.org/concat-map/-/concat-map-0.0.1.tgz"
    },
    "content-disposition": {
      "version": "0.5.2",
      "from": "content-disposition@>=0.5.0 <0.6.0",
      "resolved": "https://registry.npmjs.org/content-disposition/-/content-disposition-0.5.2.tgz"
    },
    "content-type": {
      "version": "1.0.2",
      "from": "content-type@>=1.0.0 <2.0.0",
      "resolved": "https://registry.npmjs.org/content-type/-/content-type-1.0.2.tgz"
    },
    "cookies": {
      "version": "0.7.0",
      "from": "cookies@>=0.7.0 <0.8.0",
      "resolved": "https://registry.npmjs.org/cookies/-/cookies-0.7.0.tgz"
    },
    "debug": {
      "version": "2.6.4",
      "from": "debug@>=2.4.5 <3.0.0",
      "resolved": "https://registry.npmjs.org/debug/-/debug-2.6.4.tgz"
    },
    "decamelize": {
      "version": "1.2.0",
      "from": "decamelize@>=1.1.1 <2.0.0",
      "resolved": "https://registry.npmjs.org/decamelize/-/decamelize-1.2.0.tgz"
    },
    "deep-equal": {
      "version": "1.0.1",
      "from": "deep-equal@>=1.0.0 <1.1.0",
      "resolved": "https://registry.npmjs.org/deep-equal/-/deep-equal-1.0.1.tgz"
    },
    "delegates": {
      "version": "1.0.0",
      "from": "delegates@>=1.0.0 <2.0.0",
      "resolved": "https://registry.npmjs.org/delegates/-/delegates-1.0.0.tgz"
    },
    "depd": {
      "version": "1.1.0",
      "from": "depd@>=1.1.0 <2.0.0",
      "resolved": "https://registry.npmjs.org/depd/-/depd-1.1.0.tgz"
    },
    "destroy": {
      "version": "1.0.4",
      "from": "destroy@>=1.0.3 <2.0.0",
      "resolved": "https://registry.npmjs.org/destroy/-/destroy-1.0.4.tgz"
    },
    "double-ended-queue": {
      "version": "2.1.0-0",
      "from": "double-ended-queue@>=2.1.0-0 <3.0.0",
      "resolved": "https://registry.npmjs.org/double-ended-queue/-/double-ended-queue-2.1.0-0.tgz"
    },
    "dtrace-provider": {
      "version": "0.8.1",
      "from": "dtrace-provider@>=0.8.0 <0.9.0",
      "resolved": "https://registry.npmjs.org/dtrace-provider/-/dtrace-provider-0.8.1.tgz"
    },
    "ee-first": {
      "version": "1.1.1",
      "from": "ee-first@1.1.1",
      "resolved": "https://registry.npmjs.org/ee-first/-/ee-first-1.1.1.tgz"
    },
    "error-ex": {
      "version": "1.3.1",
      "from": "error-ex@>=1.2.0 <2.0.0",
      "resolved": "https://registry.npmjs.org/error-ex/-/error-ex-1.3.1.tgz"
    },
    "error-inject": {
      "version": "1.0.0",
      "from": "error-inject@>=1.0.0 <1.1.0",
      "resolved": "https://registry.npmjs.org/error-inject/-/error-inject-1.0.0.tgz"
    },
    "es6-promise": {
      "version": "3.3.1",
      "from": "es6-promise@>=3.2.1 <4.0.0",
      "resolved": "https://registry.npmjs.org/es6-promise/-/es6-promise-3.3.1.tgz"
    },
    "es6-promisify": {
      "version": "4.1.0",
      "from": "es6-promisify@>=4.1.0 <5.0.0",
      "resolved": "https://registry.npmjs.org/es6-promisify/-/es6-promisify-4.1.0.tgz"
    },
    "escape-html": {
      "version": "1.0.3",
      "from": "escape-html@>=1.0.1 <1.1.0",
      "resolved": "https://registry.npmjs.org/escape-html/-/escape-html-1.0.3.tgz"
    },
    "esprima": {
      "version": "3.1.3",
      "from": "esprima@>=3.1.1 <4.0.0",
      "resolved": "https://registry.npmjs.org/esprima/-/esprima-3.1.3.tgz"
    },
    "extend-shallow": {
      "version": "2.0.1",
      "from": "extend-shallow@>=2.0.1 <3.0.0",
      "resolved": "https://registry.npmjs.org/extend-shallow/-/extend-shallow-2.0.1.tgz"
    },
    "find-up": {
      "version": "1.1.2",
      "from": "find-up@>=1.0.0 <2.0.0",
      "resolved": "https://registry.npmjs.org/find-up/-/find-up-1.1.2.tgz"
    },
    "follow-redirects": {
      "version": "1.2.3",
      "from": "follow-redirects@>=1.2.3 <2.0.0",
      "resolved": "https://registry.npmjs.org/follow-redirects/-/follow-redirects-1.2.3.tgz"
    },
    "formidable": {
      "version": "1.1.1",
      "from": "formidable@>=1.0.17 <2.0.0",
      "resolved": "https://registry.npmjs.org/formidable/-/formidable-1.1.1.tgz"
    },
    "fresh": {
      "version": "0.5.0",
      "from": "fresh@>=0.5.0 <0.6.0",
      "resolved": "https://registry.npmjs.org/fresh/-/fresh-0.5.0.tgz"
    },
    "get-caller-file": {
      "version": "1.0.2",
      "from": "get-caller-file@>=1.0.1 <2.0.0",
      "resolved": "https://registry.npmjs.org/get-caller-file/-/get-caller-file-1.0.2.tgz"
    },
    "glob": {
      "version": "6.0.4",
      "from": "glob@>=6.0.1 <7.0.0",
      "resolved": "https://registry.npmjs.org/glob/-/glob-6.0.4.tgz"
    },
    "graceful-fs": {
      "version": "4.1.11",
      "from": "graceful-fs@>=4.1.2 <5.0.0",
      "resolved": "https://registry.npmjs.org/graceful-fs/-/graceful-fs-4.1.11.tgz"
    },
    "hiredis": {
      "version": "0.5.0",
      "from": "hiredis@>=0.5.0 <0.6.0",
      "resolved": "https://registry.npmjs.org/hiredis/-/hiredis-0.5.0.tgz"
    },
    "hosted-git-info": {
      "version": "2.4.2",
      "from": "hosted-git-info@>=2.1.4 <3.0.0",
      "resolved": "https://registry.npmjs.org/hosted-git-info/-/hosted-git-info-2.4.2.tgz"
    },
    "http": {
      "version": "0.0.0",
      "from": "http@latest",
      "resolved": "https://registry.npmjs.org/http/-/http-0.0.0.tgz"
    },
    "http-assert": {
      "version": "1.2.0",
      "from": "http-assert@>=1.1.0 <2.0.0",
      "resolved": "https://registry.npmjs.org/http-assert/-/http-assert-1.2.0.tgz",
      "dependencies": {
        "http-errors": {
          "version": "1.4.0",
          "from": "http-errors@>=1.4.0 <1.5.0",
          "resolved": "https://registry.npmjs.org/http-errors/-/http-errors-1.4.0.tgz"
        },
        "inherits": {
          "version": "2.0.1",
          "from": "inherits@2.0.1",
          "resolved": "https://registry.npmjs.org/inherits/-/inherits-2.0.1.tgz"
        }
      }
    },
    "http-errors": {
      "version": "1.6.1",
      "from": "http-errors@>=1.2.8 <2.0.0",
      "resolved": "https://registry.npmjs.org/http-errors/-/http-errors-1.6.1.tgz"
    },
    "iconv-lite": {
      "version": "0.4.15",
      "from": "iconv-lite@0.4.15",
      "resolved": "https://registry.npmjs.org/iconv-lite/-/iconv-lite-0.4.15.tgz"
    },
    "ieee754": {
      "version": "1.1.8",
      "from": "ieee754@>=1.1.4 <2.0.0",
      "resolved": "https://registry.npmjs.org/ieee754/-/ieee754-1.1.8.tgz"
    },
    "inflight": {
      "version": "1.0.6",
      "from": "inflight@>=1.0.4 <2.0.0",
      "resolved": "https://registry.npmjs.org/inflight/-/inflight-1.0.6.tgz"
    },
    "inherits": {
      "version": "2.0.3",
      "from": "inherits@>=2.0.0 <3.0.0",
      "resolved": "https://registry.npmjs.org/inherits/-/inherits-2.0.3.tgz"
    },
    "invert-kv": {
      "version": "1.0.0",
      "from": "invert-kv@>=1.0.0 <2.0.0",
      "resolved": "https://registry.npmjs.org/invert-kv/-/invert-kv-1.0.0.tgz"
    },
    "is-arrayish": {
      "version": "0.2.1",
      "from": "is-arrayish@>=0.2.1 <0.3.0",
      "resolved": "https://registry.npmjs.org/is-arrayish/-/is-arrayish-0.2.1.tgz"
    },
    "is-buffer": {
      "version": "1.1.5",
      "from": "is-buffer@>=1.0.2 <2.0.0",
      "resolved": "https://registry.npmjs.org/is-buffer/-/is-buffer-1.1.5.tgz"
    },
    "is-builtin-module": {
      "version": "1.0.0",
      "from": "is-builtin-module@>=1.0.0 <2.0.0",
      "resolved": "https://registry.npmjs.org/is-builtin-module/-/is-builtin-module-1.0.0.tgz"
    },
    "is-extendable": {
      "version": "0.1.1",
      "from": "is-extendable@>=0.1.0 <0.2.0",
      "resolved": "https://registry.npmjs.org/is-extendable/-/is-extendable-0.1.1.tgz"
    },
    "is-fullwidth-code-point": {
      "version": "1.0.0",
      "from": "is-fullwidth-code-point@>=1.0.0 <2.0.0",
      "resolved": "https://registry.npmjs.org/is-fullwidth-code-point/-/is-fullwidth-code-point-1.0.0.tgz"
    },
    "is-generator-function": {
      "version": "1.0.6",
      "from": "is-generator-function@>=1.0.3 <2.0.0",
      "resolved": "https://registry.npmjs.org/is-generator-function/-/is-generator-function-1.0.6.tgz"
    },
    "is-utf8": {
      "version": "0.2.1",
      "from": "is-utf8@>=0.2.0 <0.3.0",
      "resolved": "https://registry.npmjs.org/is-utf8/-/is-utf8-0.2.1.tgz"
    },
    "isarray": {
      "version": "0.0.1",
      "from": "isarray@0.0.1",
      "resolved": "https://registry.npmjs.org/isarray/-/isarray-0.0.1.tgz"
    },
    "js-yaml": {
      "version": "3.8.3",
      "from": "js-yaml@latest",
      "resolved": "https://registry.npmjs.org/js-yaml/-/js-yaml-3.8.3.tgz"
    },
    "keygrip": {
      "version": "1.0.1",
      "from": "keygrip@>=1.0.1 <1.1.0",
      "resolved": "https://registry.npmjs.org/keygrip/-/keygrip-1.0.1.tgz"
    },
    "kind-of": {
      "version": "3.1.0",
      "from": "kind-of@>=3.0.2 <4.0.0",
      "resolved": "https://registry.npmjs.org/kind-of/-/kind-of-3.1.0.tgz"
    },
    "koa": {
      "version": "2.2.0",
      "from": "koa@latest",
      "resolved": "https://registry.npmjs.org/koa/-/koa-2.2.0.tgz"
    },
    "koa-better-body": {
      "version": "3.0.2",
      "from": "koa-better-body@latest",
      "resolved": "https://registry.npmjs.org/koa-better-body/-/koa-better-body-3.0.2.tgz"
    },
    "koa-body-parsers": {
      "version": "3.0.0",
      "from": "git+https://github.com/tunnckoCore/body-parsers.git",
      "resolved": "git+https://github.com/tunnckoCore/body-parsers.git#b515504ef0bfe3e04aa3dd13502d3d90c2d60956"
    },
    "koa-bunyan-logger": {
      "version": "2.0.0",
      "from": "koa-bunyan-logger@latest",
      "resolved": "https://registry.npmjs.org/koa-bunyan-logger/-/koa-bunyan-logger-2.0.0.tgz",
      "dependencies": {
        "bunyan": {
          "version": "1.5.1",
          "from": "bunyan@>=1.5.0 <1.6.0",
          "resolved": "https://registry.npmjs.org/bunyan/-/bunyan-1.5.1.tgz"
        },
        "dtrace-provider": {
          "version": "0.6.0",
          "from": "dtrace-provider@>=0.6.0 <0.7.0",
          "resolved": "https://registry.npmjs.org/dtrace-provider/-/dtrace-provider-0.6.0.tgz"
        },
        "ee-first": {
          "version": "1.1.0",
          "from": "ee-first@1.1.0",
          "resolved": "https://registry.npmjs.org/ee-first/-/ee-first-1.1.0.tgz"
        },
        "on-finished": {
          "version": "2.1.1",
          "from": "on-finished@>=2.1.1 <2.2.0",
          "resolved": "https://registry.npmjs.org/on-finished/-/on-finished-2.1.1.tgz"
        }
      }
    },
    "koa-compose": {
      "version": "3.2.1",
      "from": "koa-compose@>=3.0.0 <4.0.0",
      "resolved": "https://registry.npmjs.org/koa-compose/-/koa-compose-3.2.1.tgz"
    },
    "koa-convert": {
      "version": "1.2.0",
      "from": "koa-convert@>=1.2.0 <2.0.0",
      "resolved": "https://registry.npmjs.org/koa-convert/-/koa-convert-1.2.0.tgz"
    },
    "koa-is-json": {
      "version": "1.0.0",
      "from": "koa-is-json@>=1.0.0 <2.0.0",
      "resolved": "https://registry.npmjs.org/koa-is-json/-/koa-is-json-1.0.0.tgz"
    },
    "koa-redis": {
      "version": "3.0.0",
      "from": "koa-redis@latest",
      "resolved": "https://registry.npmjs.org/koa-redis/-/koa-redis-3.0.0.tgz"
    },
    "koa-router": {
      "version": "7.1.1",
      "from": "koa-router@latest",
      "resolved": "https://registry.npmjs.org/koa-router/-/koa-router-7.1.1.tgz"
    },
    "koa-session-minimal": {
      "version": "3.0.3",
      "from": "koa-session-minimal@latest",
      "resolved": "https://registry.npmjs.org/koa-session-minimal/-/koa-session-minimal-3.0.3.tgz"
    },
    "lazy-cache": {
      "version": "2.0.2",
      "from": "lazy-cache@>=2.0.1 <3.0.0",
      "resolved": "https://registry.npmjs.org/lazy-cache/-/lazy-cache-2.0.2.tgz"
    },
    "lcid": {
      "version": "1.0.0",
      "from": "lcid@>=1.0.0 <2.0.0",
      "resolved": "https://registry.npmjs.org/lcid/-/lcid-1.0.0.tgz"
    },
    "load-json-file": {
      "version": "1.1.0",
      "from": "load-json-file@>=1.0.0 <2.0.0",
      "resolved": "https://registry.npmjs.org/load-json-file/-/load-json-file-1.1.0.tgz"
    },
    "lodash": {
      "version": "4.17.4",
      "from": "lodash@latest",
      "resolved": "https://registry.npmjs.org/lodash/-/lodash-4.17.4.tgz"
    },
    "media-typer": {
      "version": "0.3.0",
      "from": "media-typer@0.3.0",
      "resolved": "https://registry.npmjs.org/media-typer/-/media-typer-0.3.0.tgz"
    },
    "methods": {
      "version": "1.1.2",
      "from": "methods@>=1.0.1 <2.0.0",
      "resolved": "https://registry.npmjs.org/methods/-/methods-1.1.2.tgz"
    },
    "mime-db": {
      "version": "1.27.0",
      "from": "mime-db@>=1.27.0 <1.28.0",
      "resolved": "https://registry.npmjs.org/mime-db/-/mime-db-1.27.0.tgz"
    },
    "mime-types": {
      "version": "2.1.15",
      "from": "mime-types@>=2.0.7 <3.0.0",
      "resolved": "https://registry.npmjs.org/mime-types/-/mime-types-2.1.15.tgz"
    },
    "minimatch": {
      "version": "3.0.3",
      "from": "minimatch@>=2.0.0 <3.0.0||>=3.0.0 <4.0.0",
      "resolved": "https://registry.npmjs.org/minimatch/-/minimatch-3.0.3.tgz"
    },
    "minimist": {
      "version": "0.0.8",
      "from": "minimist@0.0.8",
      "resolved": "https://registry.npmjs.org/minimist/-/minimist-0.0.8.tgz"
    },
    "mkdirp": {
      "version": "0.5.1",
      "from": "mkdirp@>=0.5.1 <0.6.0",
      "resolved": "https://registry.npmjs.org/mkdirp/-/mkdirp-0.5.1.tgz"
    },
    "moment": {
      "version": "2.18.1",
      "from": "moment@>=2.10.6 <3.0.0",
      "resolved": "https://registry.npmjs.org/moment/-/moment-2.18.1.tgz"
    },
    "ms": {
      "version": "0.7.3",
      "from": "ms@0.7.3",
      "resolved": "https://registry.npmjs.org/ms/-/ms-0.7.3.tgz"
    },
    "mv": {
      "version": "2.1.1",
      "from": "mv@>=2.0.0 <3.0.0",
      "resolved": "https://registry.npmjs.org/mv/-/mv-2.1.1.tgz"
    },
    "nan": {
      "version": "2.6.2",
      "from": "nan@>=2.3.3 <3.0.0",
      "resolved": "https://registry.npmjs.org/nan/-/nan-2.6.2.tgz"
    },
    "ncp": {
      "version": "2.0.0",
      "from": "ncp@>=2.0.0 <2.1.0",
      "resolved": "https://registry.npmjs.org/ncp/-/ncp-2.0.0.tgz"
    },
    "negotiator": {
      "version": "0.6.1",
      "from": "negotiator@0.6.1",
      "resolved": "https://registry.npmjs.org/negotiator/-/negotiator-0.6.1.tgz"
    },
    "normalize-package-data": {
      "version": "2.3.8",
      "from": "normalize-package-data@>=2.3.2 <3.0.0",
      "resolved": "https://registry.npmjs.org/normalize-package-data/-/normalize-package-data-2.3.8.tgz"
    },
    "number-is-nan": {
      "version": "1.0.1",
      "from": "number-is-nan@>=1.0.0 <2.0.0",
      "resolved": "https://registry.npmjs.org/number-is-nan/-/number-is-nan-1.0.1.tgz"
    },
    "object-sizeof": {
      "version": "1.2.0",
      "from": "object-sizeof@latest",
      "resolved": "https://registry.npmjs.org/object-sizeof/-/object-sizeof-1.2.0.tgz"
    },
    "on-finished": {
      "version": "2.3.0",
      "from": "on-finished@>=2.1.0 <3.0.0",
      "resolved": "https://registry.npmjs.org/on-finished/-/on-finished-2.3.0.tgz"
    },
    "once": {
      "version": "1.4.0",
      "from": "once@>=1.3.0 <2.0.0",
      "resolved": "https://registry.npmjs.org/once/-/once-1.4.0.tgz"
    },
    "only": {
      "version": "0.0.2",
      "from": "only@0.0.2",
      "resolved": "https://registry.npmjs.org/only/-/only-0.0.2.tgz"
    },
    "os-locale": {
      "version": "1.4.0",
      "from": "os-locale@>=1.4.0 <2.0.0",
      "resolved": "https://registry.npmjs.org/os-locale/-/os-locale-1.4.0.tgz"
    },
    "parse-json": {
      "version": "2.2.0",
      "from": "parse-json@>=2.2.0 <3.0.0",
      "resolved": "https://registry.npmjs.org/parse-json/-/parse-json-2.2.0.tgz"
    },
    "parseurl": {
      "version": "1.3.1",
      "from": "parseurl@>=1.3.0 <2.0.0",
      "resolved": "https://registry.npmjs.org/parseurl/-/parseurl-1.3.1.tgz"
    },
    "path-exists": {
      "version": "2.1.0",
      "from": "path-exists@>=2.0.0 <3.0.0",
      "resolved": "https://registry.npmjs.org/path-exists/-/path-exists-2.1.0.tgz"
    },
    "path-is-absolute": {
      "version": "1.0.1",
      "from": "path-is-absolute@>=1.0.0 <2.0.0",
      "resolved": "https://registry.npmjs.org/path-is-absolute/-/path-is-absolute-1.0.1.tgz"
    },
    "path-to-regexp": {
      "version": "1.7.0",
      "from": "path-to-regexp@>=1.1.1 <2.0.0",
      "resolved": "https://registry.npmjs.org/path-to-regexp/-/path-to-regexp-1.7.0.tgz"
    },
    "path-type": {
      "version": "1.1.0",
      "from": "path-type@>=1.0.0 <2.0.0",
      "resolved": "https://registry.npmjs.org/path-type/-/path-type-1.1.0.tgz"
    },
    "pify": {
      "version": "2.3.0",
      "from": "pify@>=2.0.0 <3.0.0",
      "resolved": "https://registry.npmjs.org/pify/-/pify-2.3.0.tgz"
    },
    "pinkie": {
      "version": "2.0.4",
      "from": "pinkie@>=2.0.0 <3.0.0",
      "resolved": "https://registry.npmjs.org/pinkie/-/pinkie-2.0.4.tgz"
    },
    "pinkie-promise": {
      "version": "2.0.1",
      "from": "pinkie-promise@>=2.0.0 <3.0.0",
      "resolved": "https://registry.npmjs.org/pinkie-promise/-/pinkie-promise-2.0.1.tgz"
    },
    "qs": {
      "version": "6.4.0",
      "from": "qs@latest",
      "resolved": "https://registry.npmjs.org/qs/-/qs-6.4.0.tgz"
    },
    "random-bytes": {
      "version": "1.0.0",
      "from": "random-bytes@>=1.0.0 <1.1.0",
      "resolved": "https://registry.npmjs.org/random-bytes/-/random-bytes-1.0.0.tgz"
    },
    "raw-body": {
      "version": "2.2.0",
      "from": "raw-body@>=2.1.0 <3.0.0",
      "resolved": "https://registry.npmjs.org/raw-body/-/raw-body-2.2.0.tgz"
    },
    "read-pkg": {
      "version": "1.1.0",
      "from": "read-pkg@>=1.0.0 <2.0.0",
      "resolved": "https://registry.npmjs.org/read-pkg/-/read-pkg-1.1.0.tgz"
    },
    "read-pkg-up": {
      "version": "1.0.1",
      "from": "read-pkg-up@>=1.0.1 <2.0.0",
      "resolved": "https://registry.npmjs.org/read-pkg-up/-/read-pkg-up-1.0.1.tgz"
    },
    "redis": {
      "version": "2.7.1",
      "from": "redis@latest",
      "resolved": "https://registry.npmjs.org/redis/-/redis-2.7.1.tgz"
    },
    "redis-commands": {
      "version": "1.3.1",
      "from": "redis-commands@>=1.2.0 <2.0.0",
      "resolved": "https://registry.npmjs.org/redis-commands/-/redis-commands-1.3.1.tgz"
    },
    "redis-parser": {
      "version": "2.6.0",
      "from": "redis-parser@>=2.5.0 <3.0.0",
      "resolved": "https://registry.npmjs.org/redis-parser/-/redis-parser-2.6.0.tgz"
    },
    "require-directory": {
      "version": "2.1.1",
      "from": "require-directory@>=2.1.1 <3.0.0",
      "resolved": "https://registry.npmjs.org/require-directory/-/require-directory-2.1.1.tgz"
    },
    "require-main-filename": {
      "version": "1.0.1",
      "from": "require-main-filename@>=1.0.1 <2.0.0",
      "resolved": "https://registry.npmjs.org/require-main-filename/-/require-main-filename-1.0.1.tgz"
    },
    "rimraf": {
      "version": "2.4.5",
      "from": "rimraf@>=2.4.0 <2.5.0",
      "resolved": "https://registry.npmjs.org/rimraf/-/rimraf-2.4.5.tgz"
    },
    "safe-json-stringify": {
      "version": "1.0.4",
      "from": "safe-json-stringify@>=1.0.0 <2.0.0",
      "resolved": "https://registry.npmjs.org/safe-json-stringify/-/safe-json-stringify-1.0.4.tgz"
    },
    "semver": {
      "version": "5.3.0",
      "from": "semver@>=2.0.0 <3.0.0||>=3.0.0 <4.0.0||>=4.0.0 <5.0.0||>=5.0.0 <6.0.0",
      "resolved": "https://registry.npmjs.org/semver/-/semver-5.3.0.tgz"
    },
    "set-blocking": {
      "version": "2.0.0",
      "from": "set-blocking@>=2.0.0 <3.0.0",
      "resolved": "https://registry.npmjs.org/set-blocking/-/set-blocking-2.0.0.tgz"
    },
    "set-getter": {
      "version": "0.1.0",
      "from": "set-getter@>=0.1.0 <0.2.0",
      "resolved": "https://registry.npmjs.org/set-getter/-/set-getter-0.1.0.tgz"
    },
    "setprototypeof": {
      "version": "1.0.3",
      "from": "setprototypeof@1.0.3",
      "resolved": "https://registry.npmjs.org/setprototypeof/-/setprototypeof-1.0.3.tgz"
    },
    "spdx-correct": {
      "version": "1.0.2",
      "from": "spdx-correct@>=1.0.0 <1.1.0",
      "resolved": "https://registry.npmjs.org/spdx-correct/-/spdx-correct-1.0.2.tgz"
    },
    "spdx-expression-parse": {
      "version": "1.0.4",
      "from": "spdx-expression-parse@>=1.0.0 <1.1.0",
      "resolved": "https://registry.npmjs.org/spdx-expression-parse/-/spdx-expression-parse-1.0.4.tgz"
    },
    "spdx-license-ids": {
      "version": "1.2.2",
      "from": "spdx-license-ids@>=1.0.2 <2.0.0",
      "resolved": "https://registry.npmjs.org/spdx-license-ids/-/spdx-license-ids-1.2.2.tgz"
    },
    "sprintf-js": {
      "version": "1.0.3",
      "from": "sprintf-js@>=1.0.2 <1.1.0",
      "resolved": "https://registry.npmjs.org/sprintf-js/-/sprintf-js-1.0.3.tgz"
    },
    "statuses": {
      "version": "1.3.1",
      "from": "statuses@>=1.2.0 <2.0.0",
      "resolved": "https://registry.npmjs.org/statuses/-/statuses-1.3.1.tgz"
    },
    "string-width": {
      "version": "1.0.2",
      "from": "string-width@>=1.0.2 <2.0.0",
      "resolved": "https://registry.npmjs.org/string-width/-/string-width-1.0.2.tgz"
    },
    "strip-ansi": {
      "version": "3.0.1",
      "from": "strip-ansi@>=3.0.1 <4.0.0",
      "resolved": "https://registry.npmjs.org/strip-ansi/-/strip-ansi-3.0.1.tgz"
    },
    "strip-bom": {
      "version": "2.0.0",
      "from": "strip-bom@>=2.0.0 <3.0.0",
      "resolved": "https://registry.npmjs.org/strip-bom/-/strip-bom-2.0.0.tgz"
    },
    "to-object-path": {
      "version": "0.3.0",
      "from": "to-object-path@>=0.3.0 <0.4.0",
      "resolved": "https://registry.npmjs.org/to-object-path/-/to-object-path-0.3.0.tgz"
    },
    "type-is": {
      "version": "1.6.15",
      "from": "type-is@>=1.5.5 <2.0.0",
      "resolved": "https://registry.npmjs.org/type-is/-/type-is-1.6.15.tgz"
    },
    "uid-safe": {
      "version": "2.1.4",
      "from": "uid-safe@>=2.1.2 <3.0.0",
      "resolved": "https://registry.npmjs.org/uid-safe/-/uid-safe-2.1.4.tgz"
    },
    "unpipe": {
      "version": "1.0.0",
      "from": "unpipe@1.0.0",
      "resolved": "https://registry.npmjs.org/unpipe/-/unpipe-1.0.0.tgz"
    },
    "urlsafe-base64": {
      "version": "1.0.0",
      "from": "urlsafe-base64@latest",
      "resolved": "https://registry.npmjs.org/urlsafe-base64/-/urlsafe-base64-1.0.0.tgz"
    },
    "uuid": {
      "version": "3.0.1",
      "from": "uuid@latest",
      "resolved": "https://registry.npmjs.org/uuid/-/uuid-3.0.1.tgz"
    },
    "validate-npm-package-license": {
      "version": "3.0.1",
      "from": "validate-npm-package-license@>=3.0.1 <4.0.0",
      "resolved": "https://registry.npmjs.org/validate-npm-package-license/-/validate-npm-package-license-3.0.1.tgz"
    },
    "vary": {
      "version": "1.1.1",
      "from": "vary@>=1.0.0 <2.0.0",
      "resolved": "https://registry.npmjs.org/vary/-/vary-1.1.1.tgz"
    },
    "which-module": {
      "version": "1.0.0",
      "from": "which-module@>=1.0.0 <2.0.0",
      "resolved": "https://registry.npmjs.org/which-module/-/which-module-1.0.0.tgz"
    },
    "wrap-ansi": {
      "version": "2.1.0",
      "from": "wrap-ansi@>=2.0.0 <3.0.0",
      "resolved": "https://registry.npmjs.org/wrap-ansi/-/wrap-ansi-2.1.0.tgz"
    },
    "wrappy": {
      "version": "1.0.2",
      "from": "wrappy@>=1.0.0 <2.0.0",
      "resolved": "https://registry.npmjs.org/wrappy/-/wrappy-1.0.2.tgz"
    },
    "y18n": {
      "version": "3.2.1",
      "from": "y18n@>=3.2.1 <4.0.0",
      "resolved": "https://registry.npmjs.org/y18n/-/y18n-3.2.1.tgz"
    },
    "yargs": {
      "version": "7.1.0",
      "from": "yargs@latest",
      "resolved": "https://registry.npmjs.org/yargs/-/yargs-7.1.0.tgz"
    },
    "yargs-parser": {
      "version": "5.0.0",
      "from": "yargs-parser@>=5.0.0 <6.0.0",
      "resolved": "https://registry.npmjs.org/yargs-parser/-/yargs-parser-5.0.0.tgz"
    }
  }
}
